
Microsoft Visual Studio Solution File, Format Version 12.00
# Visual Studio for Mac
Project("{FAE04EC0-301F-11D3-BF4B-00C04F79EFBC}") = "Assembly-CSharp", "Assembly-CSharp.csproj", "{267FD4C4-4F73-7E07-C7AB-A39B5173D3F7}"
EndProject
Global
	GlobalSection(SolutionConfigurationPlatforms) = preSolution
		Debug|Any CPU = Debug|Any CPU
		Release|Any CPU = Release|Any CPU
	EndGlobalSection
	GlobalSection(ProjectConfigurationPlatforms) = postSolution
		{267FD4C4-4F73-7E07-C7AB-A39B5173D3F7}.Debug|Any CPU.ActiveCfg = Debug|Any CPU
		{267FD4C4-4F73-7E07-C7AB-A39B5173D3F7}.Debug|Any CPU.Build.0 = Debug|Any CPU
		{267FD4C4-4F73-7E07-C7AB-A39B5173D3F7}.Release|Any CPU.ActiveCfg = Release|Any CPU
		{267FD4C4-4F73-7E07-C7AB-A39B5173D3F7}.Release|Any CPU.Build.0 = Release|Any CPU
	EndGlobalSection
	GlobalSection(SolutionProperties) = preSolution
		HideSolutionNode = FALSE
	EndGlobalSection
EndGlobal
